
Microsoft Visual Studio Solution File, Format Version 12.00
Project("{FAE04EC0-301F-11D3-BF4B-00C04F79EFBC}") = "TestProject1", "TestProject1.csproj", "{1F447484-EC4A-4AB4-9AB2-64E1E24FB4DE}"
EndProject
Global
	GlobalSection(SolutionConfigurationPlatforms) = preSolution
		Debug|Any CPU = Debug|Any CPU
		Release|Any CPU = Release|Any CPU
	EndGlobalSection
	GlobalSection(ProjectConfigurationPlatforms) = postSolution
		{1F447484-EC4A-4AB4-9AB2-64E1E24FB4DE}.Debug|Any CPU.ActiveCfg = Debug|Any CPU
		{1F447484-EC4A-4AB4-9AB2-64E1E24FB4DE}.Debug|Any CPU.Build.0 = Debug|Any CPU
		{1F447484-EC4A-4AB4-9AB2-64E1E24FB4DE}.Release|Any CPU.ActiveCfg = Release|Any CPU
		{1F447484-EC4A-4AB4-9AB2-64E1E24FB4DE}.Release|Any CPU.Build.0 = Release|Any CPU
	EndGlobalSection
EndGlobal
